
Microsoft Visual Studio Solution File, Format Version 12.00
# Visual Studio Version 17
VisualStudioVersion = 17.0.31903.59
MinimumVisualStudioVersion = 10.0.40219.1
Project("{FAE04EC0-301F-11D3-BF4B-00C04F79EFBC}") = "ClienteAPI", "ClienteAPI\ClienteAPI.csproj", "{4231E8BA-19D1-4801-A950-E1B0665C5EA3}"
EndProject
Project("{FAE04EC0-301F-11D3-BF4B-00C04F79EFBC}") = "ClienteAPI.Services", "ClienteAPI.Services\ClienteAPI.Services.csproj", "{D9C8AB71-8674-402C-A611-913A3D45AFE1}"
EndProject
Project("{FAE04EC0-301F-11D3-BF4B-00C04F79EFBC}") = "ClienteAPI.Data", "ClienteAPI.Data\ClienteAPI.Data.csproj", "{B642006A-75BC-4E82-BD81-A14AD4F565A3}"
EndProject
Project("{FAE04EC0-301F-11D3-BF4B-00C04F79EFBC}") = "ClienteAPI.DTOs", "ClienteAPI.DTOs\ClienteAPI.DTOs.csproj", "{72203FB2-86CA-4192-992F-51B0E2CDB975}"
EndProject
Global
	GlobalSection(SolutionConfigurationPlatforms) = preSolution
		Debug|Any CPU = Debug|Any CPU
		Debug|x64 = Debug|x64
		Debug|x86 = Debug|x86
		Release|Any CPU = Release|Any CPU
		Release|x64 = Release|x64
		Release|x86 = Release|x86
	EndGlobalSection
	GlobalSection(ProjectConfigurationPlatforms) = postSolution
		{4231E8BA-19D1-4801-A950-E1B0665C5EA3}.Debug|Any CPU.ActiveCfg = Debug|Any CPU
		{4231E8BA-19D1-4801-A950-E1B0665C5EA3}.Debug|Any CPU.Build.0 = Debug|Any CPU
		{4231E8BA-19D1-4801-A950-E1B0665C5EA3}.Debug|x64.ActiveCfg = Debug|Any CPU
		{4231E8BA-19D1-4801-A950-E1B0665C5EA3}.Debug|x64.Build.0 = Debug|Any CPU
		{4231E8BA-19D1-4801-A950-E1B0665C5EA3}.Debug|x86.ActiveCfg = Debug|Any CPU
		{4231E8BA-19D1-4801-A950-E1B0665C5EA3}.Debug|x86.Build.0 = Debug|Any CPU
		{4231E8BA-19D1-4801-A950-E1B0665C5EA3}.Release|Any CPU.ActiveCfg = Release|Any CPU
		{4231E8BA-19D1-4801-A950-E1B0665C5EA3}.Release|Any CPU.Build.0 = Release|Any CPU
		{4231E8BA-19D1-4801-A950-E1B0665C5EA3}.Release|x64.ActiveCfg = Release|Any CPU
		{4231E8BA-19D1-4801-A950-E1B0665C5EA3}.Release|x64.Build.0 = Release|Any CPU
		{4231E8BA-19D1-4801-A950-E1B0665C5EA3}.Release|x86.ActiveCfg = Release|Any CPU
		{4231E8BA-19D1-4801-A950-E1B0665C5EA3}.Release|x86.Build.0 = Release|Any CPU
		{D9C8AB71-8674-402C-A611-913A3D45AFE1}.Debug|Any CPU.ActiveCfg = Debug|Any CPU
		{D9C8AB71-8674-402C-A611-913A3D45AFE1}.Debug|Any CPU.Build.0 = Debug|Any CPU
		{D9C8AB71-8674-402C-A611-913A3D45AFE1}.Debug|x64.ActiveCfg = Debug|Any CPU
		{D9C8AB71-8674-402C-A611-913A3D45AFE1}.Debug|x64.Build.0 = Debug|Any CPU
		{D9C8AB71-8674-402C-A611-913A3D45AFE1}.Debug|x86.ActiveCfg = Debug|Any CPU
		{D9C8AB71-8674-402C-A611-913A3D45AFE1}.Debug|x86.Build.0 = Debug|Any CPU
		{D9C8AB71-8674-402C-A611-913A3D45AFE1}.Release|Any CPU.ActiveCfg = Release|Any CPU
		{D9C8AB71-8674-402C-A611-913A3D45AFE1}.Release|Any CPU.Build.0 = Release|Any CPU
		{D9C8AB71-8674-402C-A611-913A3D45AFE1}.Release|x64.ActiveCfg = Release|Any CPU
		{D9C8AB71-8674-402C-A611-913A3D45AFE1}.Release|x64.Build.0 = Release|Any CPU
		{D9C8AB71-8674-402C-A611-913A3D45AFE1}.Release|x86.ActiveCfg = Release|Any CPU
		{D9C8AB71-8674-402C-A611-913A3D45AFE1}.Release|x86.Build.0 = Release|Any CPU
		{B642006A-75BC-4E82-BD81-A14AD4F565A3}.Debug|Any CPU.ActiveCfg = Debug|Any CPU
		{B642006A-75BC-4E82-BD81-A14AD4F565A3}.Debug|Any CPU.Build.0 = Debug|Any CPU
		{B642006A-75BC-4E82-BD81-A14AD4F565A3}.Debug|x64.ActiveCfg = Debug|Any CPU
		{B642006A-75BC-4E82-BD81-A14AD4F565A3}.Debug|x64.Build.0 = Debug|Any CPU
		{B642006A-75BC-4E82-BD81-A14AD4F565A3}.Debug|x86.ActiveCfg = Debug|Any CPU
		{B642006A-75BC-4E82-BD81-A14AD4F565A3}.Debug|x86.Build.0 = Debug|Any CPU
		{B642006A-75BC-4E82-BD81-A14AD4F565A3}.Release|Any CPU.ActiveCfg = Release|Any CPU
		{B642006A-75BC-4E82-BD81-A14AD4F565A3}.Release|Any CPU.Build.0 = Release|Any CPU
		{B642006A-75BC-4E82-BD81-A14AD4F565A3}.Release|x64.ActiveCfg = Release|Any CPU
		{B642006A-75BC-4E82-BD81-A14AD4F565A3}.Release|x64.Build.0 = Release|Any CPU
		{B642006A-75BC-4E82-BD81-A14AD4F565A3}.Release|x86.ActiveCfg = Release|Any CPU
		{B642006A-75BC-4E82-BD81-A14AD4F565A3}.Release|x86.Build.0 = Release|Any CPU
		{72203FB2-86CA-4192-992F-51B0E2CDB975}.Debug|Any CPU.ActiveCfg = Debug|Any CPU
		{72203FB2-86CA-4192-992F-51B0E2CDB975}.Debug|Any CPU.Build.0 = Debug|Any CPU
		{72203FB2-86CA-4192-992F-51B0E2CDB975}.Debug|x64.ActiveCfg = Debug|Any CPU
		{72203FB2-86CA-4192-992F-51B0E2CDB975}.Debug|x64.Build.0 = Debug|Any CPU
		{72203FB2-86CA-4192-992F-51B0E2CDB975}.Debug|x86.ActiveCfg = Debug|Any CPU
		{72203FB2-86CA-4192-992F-51B0E2CDB975}.Debug|x86.Build.0 = Debug|Any CPU
		{72203FB2-86CA-4192-992F-51B0E2CDB975}.Release|Any CPU.ActiveCfg = Release|Any CPU
		{72203FB2-86CA-4192-992F-51B0E2CDB975}.Release|Any CPU.Build.0 = Release|Any CPU
		{72203FB2-86CA-4192-992F-51B0E2CDB975}.Release|x64.ActiveCfg = Release|Any CPU
		{72203FB2-86CA-4192-992F-51B0E2CDB975}.Release|x64.Build.0 = Release|Any CPU
		{72203FB2-86CA-4192-992F-51B0E2CDB975}.Release|x86.ActiveCfg = Release|Any CPU
		{72203FB2-86CA-4192-992F-51B0E2CDB975}.Release|x86.Build.0 = Release|Any CPU
	EndGlobalSection
	GlobalSection(SolutionProperties) = preSolution
		HideSolutionNode = FALSE
	EndGlobalSection
EndGlobal
